PODS:
  - Flutter (1.0.0)
  - geofence (0.0.1):
    - Flutter

DEPENDENCIES:
  - Flutter (from `Flutter`)
  - geofence (from `.symlinks/plugins/geofence/ios`)

EXTERNAL SOURCES:
  Flutter:
    :path: Flutter
  geofence:
    :path: ".symlinks/plugins/geofence/ios"

SPEC CHECKSUMS:
  Flutter: 0e3d915762c693b495b44d77113d4970485de6ec
  geofence: 03764b08a75156599aa6dc686ee6371e2c9dbcc8

PODFILE CHECKSUM: c34e2287a9ccaa606aeceab922830efb9a6ff69a

COCOAPODS: 1.9.3
